// !$*UTF8*$!
{
	archiveVersion = 1;
	classes = {
	};
	objectVersion = 46;
	objects = {

/* Begin PBXBuildFile section */
		17EE70B51C987E0F00BC5FAE /* Chats.storyboard in Resources */ = {isa = PBXBuildFile; fileRef = 17EE70B41C987E0E00BC5FAE /* Chats.storyboard */; };
		17EE70B91C98884B00BC5FAE /* ChatService.swift in Sources */ = {isa = PBXBuildFile; fileRef = 17EE70B81C98884B00BC5FAE /* ChatService.swift */; };
		17EE70BC1C9889F800BC5FAE /* FirebaseSetup.swift in Sources */ = {isa = PBXBuildFile; fileRef = 17EE70BB1C9889F800BC5FAE /* FirebaseSetup.swift */; };
		17EE70BE1C988C9900BC5FAE /* UserService.swift in Sources */ = {isa = PBXBuildFile; fileRef = 17EE70BD1C988C9900BC5FAE /* UserService.swift */; };
		17EEADBB1C9127D200AD0F91 /* AppDelegate.swift in Sources */ = {isa = PBXBuildFile; fileRef = 17EEADBA1C9127D200AD0F91 /* AppDelegate.swift */; };
		17EEADC01C9127D200AD0F91 /* Main.storyboard in Resources */ = {isa = PBXBuildFile; fileRef = 17EEADBE1C9127D200AD0F91 /* Main.storyboard */; };
		17EEADC21C9127D200AD0F91 /* Assets.xcassets in Resources */ = {isa = PBXBuildFile; fileRef = 17EEADC11C9127D200AD0F91 /* Assets.xcassets */; };
		17EEADC51C9127D200AD0F91 /* LaunchScreen.storyboard in Resources */ = {isa = PBXBuildFile; fileRef = 17EEADC31C9127D200AD0F91 /* LaunchScreen.storyboard */; };
		17EEADD01C9127D200AD0F91 /* iOSChatTests.swift in Sources */ = {isa = PBXBuildFile; fileRef = 17EEADCF1C9127D200AD0F91 /* iOSChatTests.swift */; };
		17EEADDB1C9127D300AD0F91 /* iOSChatUITests.swift in Sources */ = {isa = PBXBuildFile; fileRef = 17EEADDA1C9127D300AD0F91 /* iOSChatUITests.swift */; };
		17EEADEA1C91287D00AD0F91 /* MessagesViewController.swift in Sources */ = {isa = PBXBuildFile; fileRef = 17EEADE91C91287D00AD0F91 /* MessagesViewController.swift */; };
		17EEADF21C93CE2B00AD0F91 /* SplashViewController.swift in Sources */ = {isa = PBXBuildFile; fileRef = 17EEADF11C93CE2B00AD0F91 /* SplashViewController.swift */; };
		49EEE6220AEBF9883A29AC8C /* Pods_iOSChat.framework in Frameworks */ = {isa = PBXBuildFile; fileRef = 50294BB084EBC40A1666B5DA /* Pods_iOSChat.framework */; };
/* End PBXBuildFile section */

/* Begin PBXContainerItemProxy section */
		17EEADCC1C9127D200AD0F91 /* PBXContainerItemProxy */ = {
			isa = PBXContainerItemProxy;
			containerPortal = 17EEADAF1C9127D100AD0F91 /* Project object */;
			proxyType = 1;
			remoteGlobalIDString = 17EEADB61C9127D200AD0F91;
			remoteInfo = iOSChat;
		};
		17EEADD71C9127D300AD0F91 /* PBXContainerItemProxy */ = {
			isa = PBXContainerItemProxy;
			containerPortal = 17EEADAF1C9127D100AD0F91 /* Project object */;
			proxyType = 1;
			remoteGlobalIDString = 17EEADB61C9127D200AD0F91;
			remoteInfo = iOSChat;
		};
/* End PBXContainerItemProxy section */

/* Begin PBXFileReference section */
		17EE70B41C987E0E00BC5FAE /* Chats.storyboard */ = {isa = PBXFileReference; fileEncoding = 4; lastKnownFileType = file.storyboard; path = Chats.storyboard; sourceTree = "<group>"; };
		17EE70B61C9886C700BC5FAE /* FirebaseHeader.h */ = {isa = PBXFileReference; fileEncoding = 4; lastKnownFileType = sourcecode.c.h; path = FirebaseHeader.h; sourceTree = "<group>"; };
		17EE70B81C98884B00BC5FAE /* ChatService.swift */ = {isa = PBXFileReference; fileEncoding = 4; lastKnownFileType = sourcecode.swift; path = ChatService.swift; sourceTree = "<group>"; };
		17EE70BB1C9889F800BC5FAE /* FirebaseSetup.swift */ = {isa = PBXFileReference; fileEncoding = 4; lastKnownFileType = sourcecode.swift; path = FirebaseSetup.swift; sourceTree = "<group>"; };
		17EE70BD1C988C9900BC5FAE /* UserService.swift */ = {isa = PBXFileReference; fileEncoding = 4; lastKnownFileType = sourcecode.swift; path = UserService.swift; sourceTree = "<group>"; };
		17EEADB71C9127D200AD0F91 /* iOSChat.app */ = {isa = PBXFileReference; explicitFileType = wrapper.application; includeInIndex = 0; path = iOSChat.app; sourceTree = BUILT_PRODUCTS_DIR; };
		17EEADBA1C9127D200AD0F91 /* AppDelegate.swift */ = {isa = PBXFileReference; lastKnownFileType = sourcecode.swift; path = AppDelegate.swift; sourceTree = "<group>"; };
		17EEADBF1C9127D200AD0F91 /* Base */ = {isa = PBXFileReference; lastKnownFileType = file.storyboard; name = Base; path = Base.lproj/Main.storyboard; sourceTree = "<group>"; };
		17EEADC11C9127D200AD0F91 /* Assets.xcassets */ = {isa = PBXFileReference; lastKnownFileType = folder.assetcatalog; path = Assets.xcassets; sourceTree = "<group>"; };
		17EEADC41C9127D200AD0F91 /* Base */ = {isa = PBXFileReference; lastKnownFileType = file.storyboard; name = Base; path = Base.lproj/LaunchScreen.storyboard; sourceTree = "<group>"; };
		17EEADC61C9127D200AD0F91 /* Info.plist */ = {isa = PBXFileReference; lastKnownFileType = text.plist.xml; path = Info.plist; sourceTree = "<group>"; };
		17EEADCB1C9127D200AD0F91 /* iOSChatTests.xctest */ = {isa = PBXFileReference; explicitFileType = wrapper.cfbundle; includeInIndex = 0; path = iOSChatTests.xctest; sourceTree = BUILT_PRODUCTS_DIR; };
		17EEADCF1C9127D200AD0F91 /* iOSChatTests.swift */ = {isa = PBXFileReference; lastKnownFileType = sourcecode.swift; path = iOSChatTests.swift; sourceTree = "<group>"; };
		17EEADD11C9127D200AD0F91 /* Info.plist */ = {isa = PBXFileReference; lastKnownFileType = text.plist.xml; path = Info.plist; sourceTree = "<group>"; };
		17EEADD61C9127D300AD0F91 /* iOSChatUITests.xctest */ = {isa = PBXFileReference; explicitFileType = wrapper.cfbundle; includeInIndex = 0; path = iOSChatUITests.xctest; sourceTree = BUILT_PRODUCTS_DIR; };
		17EEADDA1C9127D300AD0F91 /* iOSChatUITests.swift */ = {isa = PBXFileReference; lastKnownFileType = sourcecode.swift; path = iOSChatUITests.swift; sourceTree = "<group>"; };
		17EEADDC1C9127D300AD0F91 /* Info.plist */ = {isa = PBXFileReference; lastKnownFileType = text.plist.xml; path = Info.plist; sourceTree = "<group>"; };
		17EEADE91C91287D00AD0F91 /* MessagesViewController.swift */ = {isa = PBXFileReference; fileEncoding = 4; lastKnownFileType = sourcecode.swift; path = MessagesViewController.swift; sourceTree = "<group>"; };
		17EEADF11C93CE2B00AD0F91 /* SplashViewController.swift */ = {isa = PBXFileReference; fileEncoding = 4; lastKnownFileType = sourcecode.swift; path = SplashViewController.swift; sourceTree = "<group>"; };
		25D6205919DC9656A7EC6066 /* Pods-iOSChat.debug.xcconfig */ = {isa = PBXFileReference; includeInIndex = 1; lastKnownFileType = text.xcconfig; name = "Pods-iOSChat.debug.xcconfig"; path = "Pods/Target Support Files/Pods-iOSChat/Pods-iOSChat.debug.xcconfig"; sourceTree = "<group>"; };
		50294BB084EBC40A1666B5DA /* Pods_iOSChat.framework */ = {isa = PBXFileReference; explicitFileType = wrapper.framework; includeInIndex = 0; path = Pods_iOSChat.framework; sourceTree = BUILT_PRODUCTS_DIR; };
		EFA28B86F79C603937DF69DD /* Pods-iOSChat.release.xcconfig */ = {isa = PBXFileReference; includeInIndex = 1; lastKnownFileType = text.xcconfig; name = "Pods-iOSChat.release.xcconfig"; path = "Pods/Target Support Files/Pods-iOSChat/Pods-iOSChat.release.xcconfig"; sourceTree = "<group>"; };
/* End PBXFileReference section */

/* Begin PBXFrameworksBuildPhase section */
		17EEADB41C9127D200AD0F91 /* Frameworks */ = {
			isa = PBXFrameworksBuildPhase;
			buildActionMask = 2147483647;
			files = (
				49EEE6220AEBF9883A29AC8C /* Pods_iOSChat.framework in Frameworks */,
			);
			runOnlyForDeploymentPostprocessing = 0;
		};
		17EEADC81C9127D200AD0F91 /* Frameworks */ = {
			isa = PBXFrameworksBuildPhase;
			buildActionMask = 2147483647;
			files = (
			);
			runOnlyForDeploymentPostprocessing = 0;
		};
		17EEADD31C9127D300AD0F91 /* Frameworks */ = {
			isa = PBXFrameworksBuildPhase;
			buildActionMask = 2147483647;
			files = (
			);
			runOnlyForDeploymentPostprocessing = 0;
		};
/* End PBXFrameworksBuildPhase section */

/* Begin PBXGroup section */
		17EE70B31C987DB500BC5FAE /* StoryBoards */ = {
			isa = PBXGroup;
			children = (
				17EE70B41C987E0E00BC5FAE /* Chats.storyboard */,
			);
			name = StoryBoards;
			sourceTree = "<group>";
		};
		17EE70B71C98882100BC5FAE /* Services */ = {
			isa = PBXGroup;
			children = (
				17EE70B81C98884B00BC5FAE /* ChatService.swift */,
				17EE70BD1C988C9900BC5FAE /* UserService.swift */,
			);
			name = Services;
			sourceTree = "<group>";
		};
		17EE70BA1C9889DD00BC5FAE /* Setup */ = {
			isa = PBXGroup;
			children = (
				17EE70BB1C9889F800BC5FAE /* FirebaseSetup.swift */,
			);
			name = Setup;
			sourceTree = "<group>";
		};
		17EEADAE1C9127D100AD0F91 = {
			isa = PBXGroup;
			children = (
				17EEADB91C9127D200AD0F91 /* iOSChat */,
				17EEADCE1C9127D200AD0F91 /* iOSChatTests */,
				17EEADD91C9127D300AD0F91 /* iOSChatUITests */,
				17EEADB81C9127D200AD0F91 /* Products */,
				70F8ECD33623F95799BF4730 /* Pods */,
				599F163DBE07A7D941E30C1F /* Frameworks */,
			);
			sourceTree = "<group>";
		};
		17EEADB81C9127D200AD0F91 /* Products */ = {
			isa = PBXGroup;
			children = (
				17EEADB71C9127D200AD0F91 /* iOSChat.app */,
				17EEADCB1C9127D200AD0F91 /* iOSChatTests.xctest */,
				17EEADD61C9127D300AD0F91 /* iOSChatUITests.xctest */,
			);
			name = Products;
			sourceTree = "<group>";
		};
		17EEADB91C9127D200AD0F91 /* iOSChat */ = {
			isa = PBXGroup;
			children = (
				17EE70BA1C9889DD00BC5FAE /* Setup */,
				17EE70B71C98882100BC5FAE /* Services */,
				17EE70B31C987DB500BC5FAE /* StoryBoards */,
				17EEADEB1C91295100AD0F91 /* Views */,
				17EEADE81C91283200AD0F91 /* Controllers */,
				17EEADBA1C9127D200AD0F91 /* AppDelegate.swift */,
				17EEADBE1C9127D200AD0F91 /* Main.storyboard */,
				17EEADC11C9127D200AD0F91 /* Assets.xcassets */,
				17EEADC31C9127D200AD0F91 /* LaunchScreen.storyboard */,
				17EEADC61C9127D200AD0F91 /* Info.plist */,
				17EE70B61C9886C700BC5FAE /* FirebaseHeader.h */,
			);
			path = iOSChat;
			sourceTree = "<group>";
		};
		17EEADCE1C9127D200AD0F91 /* iOSChatTests */ = {
			isa = PBXGroup;
			children = (
				17EEADCF1C9127D200AD0F91 /* iOSChatTests.swift */,
				17EEADD11C9127D200AD0F91 /* Info.plist */,
			);
			path = iOSChatTests;
			sourceTree = "<group>";
		};
		17EEADD91C9127D300AD0F91 /* iOSChatUITests */ = {
			isa = PBXGroup;
			children = (
				17EEADDA1C9127D300AD0F91 /* iOSChatUITests.swift */,
				17EEADDC1C9127D300AD0F91 /* Info.plist */,
			);
			path = iOSChatUITests;
			sourceTree = "<group>";
		};
		17EEADE81C91283200AD0F91 /* Controllers */ = {
			isa = PBXGroup;
			children = (
				17EEADF01C93CDDF00AD0F91 /* Splash */,
				17EEADE91C91287D00AD0F91 /* MessagesViewController.swift */,
			);
			name = Controllers;
			sourceTree = "<group>";
		};
		17EEADEB1C91295100AD0F91 /* Views */ = {
			isa = PBXGroup;
			children = (
			);
			name = Views;
			sourceTree = "<group>";
		};
		17EEADF01C93CDDF00AD0F91 /* Splash */ = {
			isa = PBXGroup;
			children = (
				17EEADF11C93CE2B00AD0F91 /* SplashViewController.swift */,
			);
			name = Splash;
			sourceTree = "<group>";
		};
		599F163DBE07A7D941E30C1F /* Frameworks */ = {
			isa = PBXGroup;
			children = (
				50294BB084EBC40A1666B5DA /* Pods_iOSChat.framework */,
			);
			name = Frameworks;
			sourceTree = "<group>";
		};
		70F8ECD33623F95799BF4730 /* Pods */ = {
			isa = PBXGroup;
			children = (
				25D6205919DC9656A7EC6066 /* Pods-iOSChat.debug.xcconfig */,
				EFA28B86F79C603937DF69DD /* Pods-iOSChat.release.xcconfig */,
			);
			name = Pods;
			sourceTree = "<group>";
		};
/* End PBXGroup section */

/* Begin PBXNativeTarget section */
		17EEADB61C9127D200AD0F91 /* iOSChat */ = {
			isa = PBXNativeTarget;
			buildConfigurationList = 17EEADDF1C9127D300AD0F91 /* Build configuration list for PBXNativeTarget "iOSChat" */;
			buildPhases = (
				E0B0855BC770C8F601EA5793 /* Check Pods Manifest.lock */,
				17EEADB31C9127D200AD0F91 /* Sources */,
				17EEADB41C9127D200AD0F91 /* Frameworks */,
				17EEADB51C9127D200AD0F91 /* Resources */,
				9C6697D8D81B5CDB802E6D9E /* Embed Pods Frameworks */,
				EBC8036E5EBBCBF454F51BCD /* Copy Pods Resources */,
			);
			buildRules = (
			);
			dependencies = (
			);
			name = iOSChat;
			productName = iOSChat;
			productReference = 17EEADB71C9127D200AD0F91 /* iOSChat.app */;
			productType = "com.apple.product-type.application";
		};
		17EEADCA1C9127D200AD0F91 /* iOSChatTests */ = {
			isa = PBXNativeTarget;
			buildConfigurationList = 17EEADE21C9127D300AD0F91 /* Build configuration list for PBXNativeTarget "iOSChatTests" */;
			buildPhases = (
				17EEADC71C9127D200AD0F91 /* Sources */,
				17EEADC81C9127D200AD0F91 /* Frameworks */,
				17EEADC91C9127D200AD0F91 /* Resources */,
			);
			buildRules = (
			);
			dependencies = (
				17EEADCD1C9127D200AD0F91 /* PBXTargetDependency */,
			);
			name = iOSChatTests;
			productName = iOSChatTests;
			productReference = 17EEADCB1C9127D200AD0F91 /* iOSChatTests.xctest */;
			productType = "com.apple.product-type.bundle.unit-test";
		};
		17EEADD51C9127D300AD0F91 /* iOSChatUITests */ = {
			isa = PBXNativeTarget;
			buildConfigurationList = 17EEADE51C9127D300AD0F91 /* Build configuration list for PBXNativeTarget "iOSChatUITests" */;
			buildPhases = (
				17EEADD21C9127D300AD0F91 /* Sources */,
				17EEADD31C9127D300AD0F91 /* Frameworks */,
				17EEADD41C9127D300AD0F91 /* Resources */,
			);
			buildRules = (
			);
			dependencies = (
				17EEADD81C9127D300AD0F91 /* PBXTargetDependency */,
			);
			name = iOSChatUITests;
			productName = iOSChatUITests;
			productReference = 17EEADD61C9127D300AD0F91 /* iOSChatUITests.xctest */;
			productType = "com.apple.product-type.bundle.ui-testing";
		};
/* End PBXNativeTarget section */

/* Begin PBXProject section */
		17EEADAF1C9127D100AD0F91 /* Project object */ = {
			isa = PBXProject;
			attributes = {
				LastSwiftUpdateCheck = 0720;
				LastUpgradeCheck = 0720;
				ORGANIZATIONNAME = "kevin Agudelo Betancourt";
				TargetAttributes = {
					17EEADB61C9127D200AD0F91 = {
						CreatedOnToolsVersion = 7.2;
					};
					17EEADCA1C9127D200AD0F91 = {
						CreatedOnToolsVersion = 7.2;
						TestTargetID = 17EEADB61C9127D200AD0F91;
					};
					17EEADD51C9127D300AD0F91 = {
						CreatedOnToolsVersion = 7.2;
						TestTargetID = 17EEADB61C9127D200AD0F91;
					};
				};
			};
			buildConfigurationList = 17EEADB21C9127D100AD0F91 /* Build configuration list for PBXProject "iOSChat" */;
			compatibilityVersion = "Xcode 3.2";
			developmentRegion = English;
			hasScannedForEncodings = 0;
			knownRegions = (
				en,
				Base,
			);
			mainGroup = 17EEADAE1C9127D100AD0F91;
			productRefGroup = 17EEADB81C9127D200AD0F91 /* Products */;
			projectDirPath = "";
			projectRoot = "";
			targets = (
				17EEADB61C9127D200AD0F91 /* iOSChat */,
				17EEADCA1C9127D200AD0F91 /* iOSChatTests */,
				17EEADD51C9127D300AD0F91 /* iOSChatUITests */,
			);
		};
/* End PBXProject section */

/* Begin PBXResourcesBuildPhase section */
		17EEADB51C9127D200AD0F91 /* Resources */ = {
			isa = PBXResourcesBuildPhase;
			buildActionMask = 2147483647;
			files = (
				17EEADC51C9127D200AD0F91 /* LaunchScreen.storyboard in Resources */,
				17EEADC21C9127D200AD0F91 /* Assets.xcassets in Resources */,
				17EE70B51C987E0F00BC5FAE /* Chats.storyboard in Resources */,
				17EEADC01C9127D200AD0F91 /* Main.storyboard in Resources */,
			);
			runOnlyForDeploymentPostprocessing = 0;
		};
		17EEADC91C9127D200AD0F91 /* Resources */ = {
			isa = PBXResourcesBuildPhase;
			buildActionMask = 2147483647;
			files = (
			);
			runOnlyForDeploymentPostprocessing = 0;
		};
		17EEADD41C9127D300AD0F91 /* Resources */ = {
			isa = PBXResourcesBuildPhase;
			buildActionMask = 2147483647;
			files = (
			);
			runOnlyForDeploymentPostprocessing = 0;
		};
/* End PBXResourcesBuildPhase section */

/* Begin PBXShellScriptBuildPhase section */
		9C6697D8D81B5CDB802E6D9E /* Embed Pods Frameworks */ = {
			isa = PBXShellScriptBuildPhase;
			buildActionMask = 2147483647;
			files = (
			);
			inputPaths = (
			);
			name = "Embed Pods Frameworks";
			outputPaths = (
			);
			runOnlyForDeploymentPostprocessing = 0;
			shellPath = /bin/sh;
			shellScript = "\"${SRCROOT}/Pods/Target Support Files/Pods-iOSChat/Pods-iOSChat-frameworks.sh\"\n";
			showEnvVarsInLog = 0;
		};
		E0B0855BC770C8F601EA5793 /* Check Pods Manifest.lock */ = {
			isa = PBXShellScriptBuildPhase;
			buildActionMask = 2147483647;
			files = (
			);
			inputPaths = (
			);
			name = "Check Pods Manifest.lock";
			outputPaths = (
			);
			runOnlyForDeploymentPostprocessing = 0;
			shellPath = /bin/sh;
			shellScript = "diff \"${PODS_ROOT}/../Podfile.lock\" \"${PODS_ROOT}/Manifest.lock\" > /dev/null\nif [[ $? != 0 ]] ; then\n    cat << EOM\nerror: The sandbox is not in sync with the Podfile.lock. Run 'pod install' or update your CocoaPods installation.\nEOM\n    exit 1\nfi\n";
			showEnvVarsInLog = 0;
		};
		EBC8036E5EBBCBF454F51BCD /* Copy Pods Resources */ = {
			isa = PBXShellScriptBuildPhase;
			buildActionMask = 2147483647;
			files = (
			);
			inputPaths = (
			);
			name = "Copy Pods Resources";
			outputPaths = (
			);
			runOnlyForDeploymentPostprocessing = 0;
			shellPath = /bin/sh;
			shellScript = "\"${SRCROOT}/Pods/Target Support Files/Pods-iOSChat/Pods-iOSChat-resources.sh\"\n";
			showEnvVarsInLog = 0;
		};
/* End PBXShellScriptBuildPhase section */

/* Begin PBXSourcesBuildPhase section */
		17EEADB31C9127D200AD0F91 /* Sources */ = {
			isa = PBXSourcesBuildPhase;
			buildActionMask = 2147483647;
			files = (
				17EE70BC1C9889F800BC5FAE /* FirebaseSetup.swift in Sources */,
				17EEADF21C93CE2B00AD0F91 /* SplashViewController.swift in Sources */,
				17EE70BE1C988C9900BC5FAE /* UserService.swift in Sources */,
				17EE70B91C98884B00BC5FAE /* ChatService.swift in Sources */,
				17EEADEA1C91287D00AD0F91 /* MessagesViewController.swift in Sources */,
				17EEADBB1C9127D200AD0F91 /* AppDelegate.swift in Sources */,
			);
			runOnlyForDeploymentPostprocessing = 0;
		};
		17EEADC71C9127D200AD0F91 /* Sources */ = {
			isa = PBXSourcesBuildPhase;
			buildActionMask = 2147483647;
			files = (
				17EEADD01C9127D200AD0F91 /* iOSChatTests.swift in Sources */,
			);
			runOnlyForDeploymentPostprocessing = 0;
		};
		17EEADD21C9127D300AD0F91 /* Sources */ = {
			isa = PBXSourcesBuildPhase;
			buildActionMask = 2147483647;
			files = (
				17EEADDB1C9127D300AD0F91 /* iOSChatUITests.swift in Sources */,
			);
			runOnlyForDeploymentPostprocessing = 0;
		};
/* End PBXSourcesBuildPhase section */

/* Begin PBXTargetDependency section */
		17EEADCD1C9127D200AD0F91 /* PBXTargetDependency */ = {
			isa = PBXTargetDependency;
			target = 17EEADB61C9127D200AD0F91 /* iOSChat */;
			targetProxy = 17EEADCC1C9127D200AD0F91 /* PBXContainerItemProxy */;
		};
		17EEADD81C9127D300AD0F91 /* PBXTargetDependency */ = {
			isa = PBXTargetDependency;
			target = 17EEADB61C9127D200AD0F91 /* iOSChat */;
			targetProxy = 17EEADD71C9127D300AD0F91 /* PBXContainerItemProxy */;
		};
/* End PBXTargetDependency section */

/* Begin PBXVariantGroup section */
		17EEADBE1C9127D200AD0F91 /* Main.storyboard */ = {
			isa = PBXVariantGroup;
			children = (
				17EEADBF1C9127D200AD0F91 /* Base */,
			);
			name = Main.storyboard;
			sourceTree = "<group>";
		};
		17EEADC31C9127D200AD0F91 /* LaunchScreen.storyboard */ = {
			isa = PBXVariantGroup;
			children = (
				17EEADC41C9127D200AD0F91 /* Base */,
			);
			name = LaunchScreen.storyboard;
			sourceTree = "<group>";
		};
/* End PBXVariantGroup section */

/* Begin XCBuildConfiguration section */
		17EEADDD1C9127D300AD0F91 /* Debug */ = {
			isa = XCBuildConfiguration;
			buildSettings = {
				ALWAYS_SEARCH_USER_PATHS = NO;
				CLANG_CXX_LANGUAGE_STANDARD = "gnu++0x";
				CLANG_CXX_LIBRARY = "libc++";
				CLANG_ENABLE_MODULES = YES;
				CLANG_ENABLE_OBJC_ARC = YES;
				CLANG_WARN_BOOL_CONVERSION = YES;
				CLANG_WARN_CONSTANT_CONVERSION = YES;
				CLANG_WARN_DIRECT_OBJC_ISA_USAGE = YES_ERROR;
				CLANG_WARN_EMPTY_BODY = YES;
				CLANG_WARN_ENUM_CONVERSION = YES;
				CLANG_WARN_INT_CONVERSION = YES;
				CLANG_WARN_OBJC_ROOT_CLASS = YES_ERROR;
				CLANG_WARN_UNREACHABLE_CODE = YES;
				CLANG_WARN__DUPLICATE_METHOD_MATCH = YES;
				"CODE_SIGN_IDENTITY[sdk=iphoneos*]" = "iPhone Developer";
				COPY_PHASE_STRIP = NO;
				DEBUG_INFORMATION_FORMAT = dwarf;
				ENABLE_STRICT_OBJC_MSGSEND = YES;
				ENABLE_TESTABILITY = YES;
				GCC_C_LANGUAGE_STANDARD = gnu99;
				GCC_DYNAMIC_NO_PIC = NO;
				GCC_NO_COMMON_BLOCKS = YES;
				GCC_OPTIMIZATION_LEVEL = 0;
				GCC_PREPROCESSOR_DEFINITIONS = (
					"DEBUG=1",
					"$(inherited)",
				);
				GCC_WARN_64_TO_32_BIT_CONVERSION = YES;
				GCC_WARN_ABOUT_RETURN_TYPE = YES_ERROR;
				GCC_WARN_UNDECLARED_SELECTOR = YES;
				GCC_WARN_UNINITIALIZED_AUTOS = YES_AGGRESSIVE;
				GCC_WARN_UNUSED_FUNCTION = YES;
				GCC_WARN_UNUSED_VARIABLE = YES;
				IPHONEOS_DEPLOYMENT_TARGET = 9.2;
				MTL_ENABLE_DEBUG_INFO = YES;
				ONLY_ACTIVE_ARCH = YES;
				SDKROOT = iphoneos;
				SWIFT_OPTIMIZATION_LEVEL = "-Onone";
			};
			name = Debug;
		};
		17EEADDE1C9127D300AD0F91 /* Release */ = {
			isa = XCBuildConfiguration;
			buildSettings = {
				ALWAYS_SEARCH_USER_PATHS = NO;
				CLANG_CXX_LANGUAGE_STANDARD = "gnu++0x";
				CLANG_CXX_LIBRARY = "libc++";
				CLANG_ENABLE_MODULES = YES;
				CLANG_ENABLE_OBJC_ARC = YES;
				CLANG_WARN_BOOL_CONVERSION = YES;
				CLANG_WARN_CONSTANT_CONVERSION = YES;
				CLANG_WARN_DIRECT_OBJC_ISA_USAGE = YES_ERROR;
				CLANG_WARN_EMPTY_BODY = YES;
				CLANG_WARN_ENUM_CONVERSION = YES;
				CLANG_WARN_INT_CONVERSION = YES;
				CLANG_WARN_OBJC_ROOT_CLASS = YES_ERROR;
				CLANG_WARN_UNREACHABLE_CODE = YES;
				CLANG_WARN__DUPLICATE_METHOD_MATCH = YES;
				"CODE_SIGN_IDENTITY[sdk=iphoneos*]" = "iPhone Developer";
				COPY_PHASE_STRIP = NO;
				DEBUG_INFORMATION_FORMAT = "dwarf-with-dsym";
				ENABLE_NS_ASSERTIONS = NO;
				ENABLE_STRICT_OBJC_MSGSEND = YES;
				GCC_C_LANGUAGE_STANDARD = gnu99;
				GCC_NO_COMMON_BLOCKS = YES;
				GCC_WARN_64_TO_32_BIT_CONVERSION = YES;
				GCC_WARN_ABOUT_RETURN_TYPE = YES_ERROR;
				GCC_WARN_UNDECLARED_SELECTOR = YES;
				GCC_WARN_UNINITIALIZED_AUTOS = YES_AGGRESSIVE;
				GCC_WARN_UNUSED_FUNCTION = YES;
				GCC_WARN_UNUSED_VARIABLE = YES;
				IPHONEOS_DEPLOYMENT_TARGET = 9.2;
				MTL_ENABLE_DEBUG_INFO = NO;
				SDKROOT = iphoneos;
				VALIDATE_PRODUCT = YES;
			};
			name = Release;
		};
		17EEADE01C9127D300AD0F91 /* Debug */ = {
			isa = XCBuildConfiguration;
			baseConfigurationReference = 25D6205919DC9656A7EC6066 /* Pods-iOSChat.debug.xcconfig */;
			buildSettings = {
				ASSETCATALOG_COMPILER_APPICON_NAME = AppIcon;
				INFOPLIST_FILE = iOSChat/Info.plist;
				LD_RUNPATH_SEARCH_PATHS = "$(inherited) @executable_path/Frameworks";
				PRODUCT_BUNDLE_IDENTIFIER = kevinagu.testExample.iOSChat;
				PRODUCT_NAME = "$(TARGET_NAME)";
			};
			name = Debug;
		};
		17EEADE11C9127D300AD0F91 /* Release */ = {
			isa = XCBuildConfiguration;
			baseConfigurationReference = EFA28B86F79C603937DF69DD /* Pods-iOSChat.release.xcconfig */;
			buildSettings = {
				ASSETCATALOG_COMPILER_APPICON_NAME = AppIcon;
				INFOPLIST_FILE = iOSChat/Info.plist;
				LD_RUNPATH_SEARCH_PATHS = "$(inherited) @executable_path/Frameworks";
				PRODUCT_BUNDLE_IDENTIFIER = kevinagu.testExample.iOSChat;
				PRODUCT_NAME = "$(TARGET_NAME)";
			};
			name = Release;
		};
		17EEADE31C9127D300AD0F91 /* Debug */ = {
			isa = XCBuildConfiguration;
			buildSettings = {
				BUNDLE_LOADER = "$(TEST_HOST)";
				INFOPLIST_FILE = iOSChatTests/Info.plist;
				LD_RUNPATH_SEARCH_PATHS = "$(inherited) @executable_path/Frameworks @loader_path/Frameworks";
				PRODUCT_BUNDLE_IDENTIFIER = kevinagu.testExample.iOSChatTests;
				PRODUCT_NAME = "$(TARGET_NAME)";
				TEST_HOST = "$(BUILT_PRODUCTS_DIR)/iOSChat.app/iOSChat";
			};
			name = Debug;
		};
		17EEADE41C9127D300AD0F91 /* Release */ = {
			isa = XCBuildConfiguration;
			buildSettings = {
				BUNDLE_LOADER = "$(TEST_HOST)";
				INFOPLIST_FILE = iOSChatTests/Info.plist;
				LD_RUNPATH_SEARCH_PATHS = "$(inherited) @executable_path/Frameworks @loader_path/Frameworks";
				PRODUCT_BUNDLE_IDENTIFIER = kevinagu.testExample.iOSChatTests;
				PRODUCT_NAME = "$(TARGET_NAME)";
				TEST_HOST = "$(BUILT_PRODUCTS_DIR)/iOSChat.app/iOSChat";
			};
			name = Release;
		};
		17EEADE61C9127D300AD0F91 /* Debug */ = {
			isa = XCBuildConfiguration;
			buildSettings = {
				INFOPLIST_FILE = iOSChatUITests/Info.plist;
				LD_RUNPATH_SEARCH_PATHS = "$(inherited) @executable_path/Frameworks @loader_path/Frameworks";
				PRODUCT_BUNDLE_IDENTIFIER = kevinagu.testExample.iOSChatUITests;
				PRODUCT_NAME = "$(TARGET_NAME)";
				TEST_TARGET_NAME = iOSChat;
				USES_XCTRUNNER = YES;
			};
			name = Debug;
		};
		17EEADE71C9127D300AD0F91 /* Release */ = {
			isa = XCBuildConfiguration;
			buildSettings = {
				INFOPLIST_FILE = iOSChatUITests/Info.plist;
				LD_RUNPATH_SEARCH_PATHS = "$(inherited) @executable_path/Frameworks @loader_path/Frameworks";
				PRODUCT_BUNDLE_IDENTIFIER = kevinagu.testExample.iOSChatUITests;
				PRODUCT_NAME = "$(TARGET_NAME)";
				TEST_TARGET_NAME = iOSChat;
				USES_XCTRUNNER = YES;
			};
			name = Release;
		};
/* End XCBuildConfiguration section */

/* Begin XCConfigurationList section */
		17EEADB21C9127D100AD0F91 /* Build configuration list for PBXProject "iOSChat" */ = {
			isa = XCConfigurationList;
			buildConfigurations = (
				17EEADDD1C9127D300AD0F91 /* Debug */,
				17EEADDE1C9127D300AD0F91 /* Release */,
			);
			defaultConfigurationIsVisible = 0;
			defaultConfigurationName = Release;
		};
		17EEADDF1C9127D300AD0F91 /* Build configuration list for PBXNativeTarget "iOSChat" */ = {
			isa = XCConfigurationList;
			buildConfigurations = (
				17EEADE01C9127D300AD0F91 /* Debug */,
				17EEADE11C9127D300AD0F91 /* Release */,
			);
			defaultConfigurationIsVisible = 0;
			defaultConfigurationName = Release;
		};
		17EEADE21C9127D300AD0F91 /* Build configuration list for PBXNativeTarget "iOSChatTests" */ = {
			isa = XCConfigurationList;
			buildConfigurations = (
				17EEADE31C9127D300AD0F91 /* Debug */,
				17EEADE41C9127D300AD0F91 /* Release */,
			);
			defaultConfigurationIsVisible = 0;
			defaultConfigurationName = Release;
		};
		17EEADE51C9127D300AD0F91 /* Build configuration list for PBXNativeTarget "iOSChatUITests" */ = {
			isa = XCConfigurationList;
			buildConfigurations = (
				17EEADE61C9127D300AD0F91 /* Debug */,
				17EEADE71C9127D300AD0F91 /* Release */,
			);
			defaultConfigurationIsVisible = 0;
			defaultConfigurationName = Release;
		};
/* End XCConfigurationList section */
	};
	rootObject = 17EEADAF1C9127D100AD0F91 /* Project object */;
}
